{
  "lockfileVersion": 1,
  "workspaces": {
    "": {
      "name": "leap-app",
      "dependencies": {
        "encore.dev": "^1.50.6",
      },
    },
  },
  "packages": {
    "encore.dev": ["encore.dev@1.50.6", "", {}, "sha512-pTsG3L9wfJJxmBOSZnLDtAL3ezdZn9tOcrJOq1de+VFYE1C2oCM/iHjv3vjXhM8ELml2zdvjnUlL47Et2kZKaw=="],
  }
}
