{
  "lockfileVersion": 1,
  "workspaces": {
    "": {
      "name": "leap-app",
      "dependencies": {
        "encore.dev": "^1.50.6",
        "ulidx": "^2.4.1",
      },
    },
  },
  "packages": {
    "encore.dev": ["encore.dev@1.50.6", "", {}, "sha512-pTsG3L9wfJJxmBOSZnLDtAL3ezdZn9tOcrJOq1de+VFYE1C2oCM/iHjv3vjXhM8ELml2zdvjnUlL47Et2kZKaw=="],

    "layerr": ["layerr@3.0.0", "", {}, "sha512-tv754Ki2dXpPVApOrjTyRo4/QegVb9eVFq4mjqp4+NM5NaX7syQvN5BBNfV/ZpAHCEHV24XdUVrBAoka4jt3pA=="],

    "ulidx": ["ulidx@2.4.1", "", { "dependencies": { "layerr": "^3.0.0" } }, "sha512-xY7c8LPyzvhvew0Fn+Ek3wBC9STZAuDI/Y5andCKi9AX6/jvfaX45PhsDX8oxgPL0YFp0Jhr8qWMbS/p9375Xg=="],
  }
}
