{
  "name": "screengraph",
  "version": "1.0.0",
  "lockfileVersion": 3,
  "requires": true,
  "packages": {
    "": {
      "name": "screengraph",
      "version": "1.0.0",
      "dependencies": {
        "encore.dev": "^1.50.6"
      }
    },
    "node_modules/encore.dev": {
      "version": "1.50.6",
      "resolved": "https://registry.npmjs.org/encore.dev/-/encore.dev-1.50.6.tgz",
      "integrity": "sha512-pTsG3L9wfJJxmBOSZnLDtAL3ezdZn9tOcrJOq1de+VFYE1C2oCM/iHjv3vjXhM8ELml2zdvjnUlL47Et2kZKaw==",
      "license": "MPL-2.0",
      "engines": {
        "node": ">=18.0.0"
      }
    }
  }
}
